
Microsoft Visual Studio Solution File, Format Version 12.00
# Visual Studio 2012
Project("{FAE04EC0-301F-11D3-BF4B-00C04F79EFBC}") = "LiXcel", "LiXcel\LiXcel.csproj", "{EEB6397A-D39C-438A-A172-BA6820CFEBEB}"
EndProject
Global
	GlobalSection(SolutionConfigurationPlatforms) = preSolution
		Debug|Any CPU = Debug|Any CPU
		Release|Any CPU = Release|Any CPU
	EndGlobalSection
	GlobalSection(ProjectConfigurationPlatforms) = postSolution
		{EEB6397A-D39C-438A-A172-BA6820CFEBEB}.Debug|Any CPU.ActiveCfg = Debug|Any CPU
		{EEB6397A-D39C-438A-A172-BA6820CFEBEB}.Debug|Any CPU.Build.0 = Debug|Any CPU
		{EEB6397A-D39C-438A-A172-BA6820CFEBEB}.Release|Any CPU.ActiveCfg = Release|Any CPU
		{EEB6397A-D39C-438A-A172-BA6820CFEBEB}.Release|Any CPU.Build.0 = Release|Any CPU
	EndGlobalSection
	GlobalSection(SolutionProperties) = preSolution
		HideSolutionNode = FALSE
	EndGlobalSection
EndGlobal
